// !$*UTF8*$!
{
	archiveVersion = 1;
	classes = {
	};
	objectVersion = 77;
	objects = {

/* Begin PBXContainerItemProxy section */
		FF649CC52DC1F53400AAAA0D /* PBXContainerItemProxy */ = {
			isa = PBXContainerItemProxy;
			containerPortal = FF649CAF2DC1F53200AAAA0D /* Project object */;
			proxyType = 1;
			remoteGlobalIDString = FF649CB62DC1F53200AAAA0D;
			remoteInfo = scratch_app;
		};
		FF649CCF2DC1F53400AAAA0D /* PBXContainerItemProxy */ = {
			isa = PBXContainerItemProxy;
			containerPortal = FF649CAF2DC1F53200AAAA0D /* Project object */;
			proxyType = 1;
			remoteGlobalIDString = FF649CB62DC1F53200AAAA0D;
			remoteInfo = scratch_app;
		};
/* End PBXContainerItemProxy section */

/* Begin PBXFileReference section */
		FF649CB72DC1F53200AAAA0D /* scratch_app.app */ = {isa = PBXFileReference; explicitFileType = wrapper.application; includeInIndex = 0; path = scratch_app.app; sourceTree = BUILT_PRODUCTS_DIR; };
		FF649CC42DC1F53400AAAA0D /* scratch_appTests.xctest */ = {isa = PBXFileReference; explicitFileType = wrapper.cfbundle; includeInIndex = 0; path = scratch_appTests.xctest; sourceTree = BUILT_PRODUCTS_DIR; };
		FF649CCE2DC1F53400AAAA0D /* scratch_appUITests.xctest */ = {isa = PBXFileReference; explicitFileType = wrapper.cfbundle; includeInIndex = 0; path = scratch_appUITests.xctest; sourceTree = BUILT_PRODUCTS_DIR; };
/* End PBXFileReference section */

/* Begin PBXFileSystemSynchronizedRootGroup section */
		FF649CB92DC1F53200AAAA0D /* scratch_app */ = {
			isa = PBXFileSystemSynchronizedRootGroup;
			path = scratch_app;
			sourceTree = "<group>";
		};
		FF649CC72DC1F53400AAAA0D /* scratch_appTests */ = {
			isa = PBXFileSystemSynchronizedRootGroup;
			path = scratch_appTests;
			sourceTree = "<group>";
		};
		FF649CD12DC1F53400AAAA0D /* scratch_appUITests */ = {
			isa = PBXFileSystemSynchronizedRootGroup;
			path = scratch_appUITests;
			sourceTree = "<group>";
		};
/* End PBXFileSystemSynchronizedRootGroup section */

/* Begin PBXFrameworksBuildPhase section */
		FF649CB42DC1F53200AAAA0D /* Frameworks */ = {
			isa = PBXFrameworksBuildPhase;
			buildActionMask = 2147483647;
			files = (
			);
			runOnlyForDeploymentPostprocessing = 0;
		};
		FF649CC12DC1F53400AAAA0D /* Frameworks */ = {
			isa = PBXFrameworksBuildPhase;
			buildActionMask = 2147483647;
			files = (
			);
			runOnlyForDeploymentPostprocessing = 0;
		};
		FF649CCB2DC1F53400AAAA0D /* Frameworks */ = {
			isa = PBXFrameworksBuildPhase;
			buildActionMask = 2147483647;
			files = (
			);
			runOnlyForDeploymentPostprocessing = 0;
		};
/* End PBXFrameworksBuildPhase section */

/* Begin PBXGroup section */
		FF649CAE2DC1F53200AAAA0D = {
			isa = PBXGroup;
			children = (
				FF649CB92DC1F53200AAAA0D /* scratch_app */,
				FF649CC72DC1F53400AAAA0D /* scratch_appTests */,
				FF649CD12DC1F53400AAAA0D /* scratch_appUITests */,
				FF649CB82DC1F53200AAAA0D /* Products */,
			);
			sourceTree = "<group>";
		};
		FF649CB82DC1F53200AAAA0D /* Products */ = {
			isa = PBXGroup;
			children = (
				FF649CB72DC1F53200AAAA0D /* scratch_app.app */,
				FF649CC42DC1F53400AAAA0D /* scratch_appTests.xctest */,
				FF649CCE2DC1F53400AAAA0D /* scratch_appUITests.xctest */,
			);
			name = Products;
			sourceTree = "<group>";
		};
/* End PBXGroup section */

/* Begin PBXNativeTarget section */
		FF649CB62DC1F53200AAAA0D /* scratch_app */ = {
			isa = PBXNativeTarget;
			buildConfigurationList = FF649CD82DC1F53400AAAA0D /* Build configuration list for PBXNativeTarget "scratch_app" */;
			buildPhases = (
				FF649CB32DC1F53200AAAA0D /* Sources */,
				FF649CB42DC1F53200AAAA0D /* Frameworks */,
				FF649CB52DC1F53200AAAA0D /* Resources */,
			);
			buildRules = (
			);
			dependencies = (
			);
			fileSystemSynchronizedGroups = (
				FF649CB92DC1F53200AAAA0D /* scratch_app */,
			);
			name = scratch_app;
			packageProductDependencies = (
			);
			productName = scratch_app;
			productReference = FF649CB72DC1F53200AAAA0D /* scratch_app.app */;
			productType = "com.apple.product-type.application";
		};
		FF649CC32DC1F53400AAAA0D /* scratch_appTests */ = {
			isa = PBXNativeTarget;
			buildConfigurationList = FF649CDB2DC1F53400AAAA0D /* Build configuration list for PBXNativeTarget "scratch_appTests" */;
			buildPhases = (
				FF649CC02DC1F53400AAAA0D /* Sources */,
				FF649CC12DC1F53400AAAA0D /* Frameworks */,
				FF649CC22DC1F53400AAAA0D /* Resources */,
			);
			buildRules = (
			);
			dependencies = (
				FF649CC62DC1F53400AAAA0D /* PBXTargetDependency */,
			);
			fileSystemSynchronizedGroups = (
				FF649CC72DC1F53400AAAA0D /* scratch_appTests */,
			);
			name = scratch_appTests;
			packageProductDependencies = (
			);
			productName = scratch_appTests;
			productReference = FF649CC42DC1F53400AAAA0D /* scratch_appTests.xctest */;
			productType = "com.apple.product-type.bundle.unit-test";
		};
		FF649CCD2DC1F53400AAAA0D /* scratch_appUITests */ = {
			isa = PBXNativeTarget;
			buildConfigurationList = FF649CDE2DC1F53400AAAA0D /* Build configuration list for PBXNativeTarget "scratch_appUITests" */;
			buildPhases = (
				FF649CCA2DC1F53400AAAA0D /* Sources */,
				FF649CCB2DC1F53400AAAA0D /* Frameworks */,
				FF649CCC2DC1F53400AAAA0D /* Resources */,
			);
			buildRules = (
			);
			dependencies = (
				FF649CD02DC1F53400AAAA0D /* PBXTargetDependency */,
			);
			fileSystemSynchronizedGroups = (
				FF649CD12DC1F53400AAAA0D /* scratch_appUITests */,
			);
			name = scratch_appUITests;
			packageProductDependencies = (
			);
			productName = scratch_appUITests;
			productReference = FF649CCE2DC1F53400AAAA0D /* scratch_appUITests.xctest */;
			productType = "com.apple.product-type.bundle.ui-testing";
		};
/* End PBXNativeTarget section */

/* Begin PBXProject section */
		FF649CAF2DC1F53200AAAA0D /* Project object */ = {
			isa = PBXProject;
			attributes = {
				BuildIndependentTargetsInParallel = 1;
				LastSwiftUpdateCheck = 1630;
				LastUpgradeCheck = 1630;
				TargetAttributes = {
					FF649CB62DC1F53200AAAA0D = {
						CreatedOnToolsVersion = 16.3;
					};
					FF649CC32DC1F53400AAAA0D = {
						CreatedOnToolsVersion = 16.3;
						TestTargetID = FF649CB62DC1F53200AAAA0D;
					};
					FF649CCD2DC1F53400AAAA0D = {
						CreatedOnToolsVersion = 16.3;
						TestTargetID = FF649CB62DC1F53200AAAA0D;
					};
				};
			};
			buildConfigurationList = FF649CB22DC1F53200AAAA0D /* Build configuration list for PBXProject "scratch_app" */;
			developmentRegion = en;
			hasScannedForEncodings = 0;
			knownRegions = (
				en,
				Base,
			);
			mainGroup = FF649CAE2DC1F53200AAAA0D;
			minimizedProjectReferenceProxies = 1;
			preferredProjectObjectVersion = 77;
			productRefGroup = FF649CB82DC1F53200AAAA0D /* Products */;
			projectDirPath = "";
			projectRoot = "";
			targets = (
				FF649CB62DC1F53200AAAA0D /* scratch_app */,
				FF649CC32DC1F53400AAAA0D /* scratch_appTests */,
				FF649CCD2DC1F53400AAAA0D /* scratch_appUITests */,
			);
		};
/* End PBXProject section */

/* Begin PBXResourcesBuildPhase section */
		FF649CB52DC1F53200AAAA0D /* Resources */ = {
			isa = PBXResourcesBuildPhase;
			buildActionMask = 2147483647;
			files = (
			);
			runOnlyForDeploymentPostprocessing = 0;
		};
		FF649CC22DC1F53400AAAA0D /* Resources */ = {
			isa = PBXResourcesBuildPhase;
			buildActionMask = 2147483647;
			files = (
			);
			runOnlyForDeploymentPostprocessing = 0;
		};
		FF649CCC2DC1F53400AAAA0D /* Resources */ = {
			isa = PBXResourcesBuildPhase;
			buildActionMask = 2147483647;
			files = (
			);
			runOnlyForDeploymentPostprocessing = 0;
		};
/* End PBXResourcesBuildPhase section */

/* Begin PBXSourcesBuildPhase section */
		FF649CB32DC1F53200AAAA0D /* Sources */ = {
			isa = PBXSourcesBuildPhase;
			buildActionMask = 2147483647;
			files = (
			);
			runOnlyForDeploymentPostprocessing = 0;
		};
		FF649CC02DC1F53400AAAA0D /* Sources */ = {
			isa = PBXSourcesBuildPhase;
			buildActionMask = 2147483647;
			files = (
			);
			runOnlyForDeploymentPostprocessing = 0;
		};
		FF649CCA2DC1F53400AAAA0D /* Sources */ = {
			isa = PBXSourcesBuildPhase;
			buildActionMask = 2147483647;
			files = (
			);
			runOnlyForDeploymentPostprocessing = 0;
		};
/* End PBXSourcesBuildPhase section */

/* Begin PBXTargetDependency section */
		FF649CC62DC1F53400AAAA0D /* PBXTargetDependency */ = {
			isa = PBXTargetDependency;
			target = FF649CB62DC1F53200AAAA0D /* scratch_app */;
			targetProxy = FF649CC52DC1F53400AAAA0D /* PBXContainerItemProxy */;
		};
		FF649CD02DC1F53400AAAA0D /* PBXTargetDependency */ = {
			isa = PBXTargetDependency;
			target = FF649CB62DC1F53200AAAA0D /* scratch_app */;
			targetProxy = FF649CCF2DC1F53400AAAA0D /* PBXContainerItemProxy */;
		};
/* End PBXTargetDependency section */

/* Begin XCBuildConfiguration section */
		FF649CD62DC1F53400AAAA0D /* Debug */ = {
			isa = XCBuildConfiguration;
			buildSettings = {
				ALWAYS_SEARCH_USER_PATHS = NO;
				ASSETCATALOG_COMPILER_GENERATE_SWIFT_ASSET_SYMBOL_EXTENSIONS = YES;
				CLANG_ANALYZER_NONNULL = YES;
				CLANG_ANALYZER_NUMBER_OBJECT_CONVERSION = YES_AGGRESSIVE;
				CLANG_CXX_LANGUAGE_STANDARD = "gnu++20";
				CLANG_ENABLE_MODULES = YES;
				CLANG_ENABLE_OBJC_ARC = YES;
				CLANG_ENABLE_OBJC_WEAK = YES;
				CLANG_WARN_BLOCK_CAPTURE_AUTORELEASING = YES;
				CLANG_WARN_BOOL_CONVERSION = YES;
				CLANG_WARN_COMMA = YES;
				CLANG_WARN_CONSTANT_CONVERSION = YES;
				CLANG_WARN_DEPRECATED_OBJC_IMPLEMENTATIONS = YES;
				CLANG_WARN_DIRECT_OBJC_ISA_USAGE = YES_ERROR;
				CLANG_WARN_DOCUMENTATION_COMMENTS = YES;
				CLANG_WARN_EMPTY_BODY = YES;
				CLANG_WARN_ENUM_CONVERSION = YES;
				CLANG_WARN_INFINITE_RECURSION = YES;
				CLANG_WARN_INT_CONVERSION = YES;
				CLANG_WARN_NON_LITERAL_NULL_CONVERSION = YES;
				CLANG_WARN_OBJC_IMPLICIT_RETAIN_SELF = YES;
				CLANG_WARN_OBJC_LITERAL_CONVERSION = YES;
				CLANG_WARN_OBJC_ROOT_CLASS = YES_ERROR;
				CLANG_WARN_QUOTED_INCLUDE_IN_FRAMEWORK_HEADER = YES;
				CLANG_WARN_RANGE_LOOP_ANALYSIS = YES;
				CLANG_WARN_STRICT_PROTOTYPES = YES;
				CLANG_WARN_SUSPICIOUS_MOVE = YES;
				CLANG_WARN_UNGUARDED_AVAILABILITY = YES_AGGRESSIVE;
				CLANG_WARN_UNREACHABLE_CODE = YES;
				CLANG_WARN__DUPLICATE_METHOD_MATCH = YES;
				COPY_PHASE_STRIP = NO;
				DEBUG_INFORMATION_FORMAT = dwarf;
				DEVELOPMENT_TEAM = 6KD3Y8864K;
				ENABLE_STRICT_OBJC_MSGSEND = YES;
				ENABLE_TESTABILITY = YES;
				ENABLE_USER_SCRIPT_SANDBOXING = YES;
				GCC_C_LANGUAGE_STANDARD = gnu17;
				GCC_DYNAMIC_NO_PIC = NO;
				GCC_NO_COMMON_BLOCKS = YES;
				GCC_OPTIMIZATION_LEVEL = 0;
				GCC_PREPROCESSOR_DEFINITIONS = (
					"DEBUG=1",
					"$(inherited)",
				);
				GCC_WARN_64_TO_32_BIT_CONVERSION = YES;
				GCC_WARN_ABOUT_RETURN_TYPE = YES_ERROR;
				GCC_WARN_UNDECLARED_SELECTOR = YES;
				GCC_WARN_UNINITIALIZED_AUTOS = YES_AGGRESSIVE;
				GCC_WARN_UNUSED_FUNCTION = YES;
				GCC_WARN_UNUSED_VARIABLE = YES;
				IPHONEOS_DEPLOYMENT_TARGET = 18.4;
				LOCALIZATION_PREFERS_STRING_CATALOGS = YES;
				MTL_ENABLE_DEBUG_INFO = INCLUDE_SOURCE;
				MTL_FAST_MATH = YES;
				ONLY_ACTIVE_ARCH = YES;
				SDKROOT = iphoneos;
				SWIFT_ACTIVE_COMPILATION_CONDITIONS = "DEBUG $(inherited)";
				SWIFT_OPTIMIZATION_LEVEL = "-Onone";
			};
			name = Debug;
		};
		FF649CD72DC1F53400AAAA0D /* Release */ = {
			isa = XCBuildConfiguration;
			buildSettings = {
				ALWAYS_SEARCH_USER_PATHS = NO;
				ASSETCATALOG_COMPILER_GENERATE_SWIFT_ASSET_SYMBOL_EXTENSIONS = YES;
				CLANG_ANALYZER_NONNULL = YES;
				CLANG_ANALYZER_NUMBER_OBJECT_CONVERSION = YES_AGGRESSIVE;
				CLANG_CXX_LANGUAGE_STANDARD = "gnu++20";
				CLANG_ENABLE_MODULES = YES;
				CLANG_ENABLE_OBJC_ARC = YES;
				CLANG_ENABLE_OBJC_WEAK = YES;
				CLANG_WARN_BLOCK_CAPTURE_AUTORELEASING = YES;
				CLANG_WARN_BOOL_CONVERSION = YES;
				CLANG_WARN_COMMA = YES;
				CLANG_WARN_CONSTANT_CONVERSION = YES;
				CLANG_WARN_DEPRECATED_OBJC_IMPLEMENTATIONS = YES;
				CLANG_WARN_DIRECT_OBJC_ISA_USAGE = YES_ERROR;
				CLANG_WARN_DOCUMENTATION_COMMENTS = YES;
				CLANG_WARN_EMPTY_BODY = YES;
				CLANG_WARN_ENUM_CONVERSION = YES;
				CLANG_WARN_INFINITE_RECURSION = YES;
				CLANG_WARN_INT_CONVERSION = YES;
				CLANG_WARN_NON_LITERAL_NULL_CONVERSION = YES;
				CLANG_WARN_OBJC_IMPLICIT_RETAIN_SELF = YES;
				CLANG_WARN_OBJC_LITERAL_CONVERSION = YES;
				CLANG_WARN_OBJC_ROOT_CLASS = YES_ERROR;
				CLANG_WARN_QUOTED_INCLUDE_IN_FRAMEWORK_HEADER = YES;
				CLANG_WARN_RANGE_LOOP_ANALYSIS = YES;
				CLANG_WARN_STRICT_PROTOTYPES = YES;
				CLANG_WARN_SUSPICIOUS_MOVE = YES;
				CLANG_WARN_UNGUARDED_AVAILABILITY = YES_AGGRESSIVE;
				CLANG_WARN_UNREACHABLE_CODE = YES;
				CLANG_WARN__DUPLICATE_METHOD_MATCH = YES;
				COPY_PHASE_STRIP = NO;
				DEBUG_INFORMATION_FORMAT = "dwarf-with-dsym";
				DEVELOPMENT_TEAM = 6KD3Y8864K;
				ENABLE_NS_ASSERTIONS = NO;
				ENABLE_STRICT_OBJC_MSGSEND = YES;
				ENABLE_USER_SCRIPT_SANDBOXING = YES;
				GCC_C_LANGUAGE_STANDARD = gnu17;
				GCC_NO_COMMON_BLOCKS = YES;
				GCC_WARN_64_TO_32_BIT_CONVERSION = YES;
				GCC_WARN_ABOUT_RETURN_TYPE = YES_ERROR;
				GCC_WARN_UNDECLARED_SELECTOR = YES;
				GCC_WARN_UNINITIALIZED_AUTOS = YES_AGGRESSIVE;
				GCC_WARN_UNUSED_FUNCTION = YES;
				GCC_WARN_UNUSED_VARIABLE = YES;
				IPHONEOS_DEPLOYMENT_TARGET = 18.4;
				LOCALIZATION_PREFERS_STRING_CATALOGS = YES;
				MTL_ENABLE_DEBUG_INFO = NO;
				MTL_FAST_MATH = YES;
				SDKROOT = iphoneos;
				SWIFT_COMPILATION_MODE = wholemodule;
				VALIDATE_PRODUCT = YES;
			};
			name = Release;
		};
		FF649CD92DC1F53400AAAA0D /* Debug */ = {
			isa = XCBuildConfiguration;
			buildSettings = {
				ASSETCATALOG_COMPILER_APPICON_NAME = AppIcon;
				ASSETCATALOG_COMPILER_GLOBAL_ACCENT_COLOR_NAME = AccentColor;
				CODE_SIGN_STYLE = Automatic;
				CURRENT_PROJECT_VERSION = 1;
				DEVELOPMENT_TEAM = 6KD3Y8864K;
				ENABLE_PREVIEWS = YES;
				GENERATE_INFOPLIST_FILE = YES;
				INFOPLIST_KEY_UIApplicationSceneManifest_Generation = YES;
				INFOPLIST_KEY_UIApplicationSupportsIndirectInputEvents = YES;
				INFOPLIST_KEY_UILaunchScreen_Generation = YES;
				INFOPLIST_KEY_UISupportedInterfaceOrientations_iPad = "UIInterfaceOrientationPortrait UIInterfaceOrientationPortraitUpsideDown UIInterfaceOrientationLandscapeLeft UIInterfaceOrientationLandscapeRight";
				INFOPLIST_KEY_UISupportedInterfaceOrientations_iPhone = "UIInterfaceOrientationPortrait UIInterfaceOrientationLandscapeLeft UIInterfaceOrientationLandscapeRight";
				LD_RUNPATH_SEARCH_PATHS = (
					"$(inherited)",
					"@executable_path/Frameworks",
				);
				MARKETING_VERSION = 1.0;
				PRODUCT_BUNDLE_IDENTIFIER = "no.scratch-app";
				PRODUCT_NAME = "$(TARGET_NAME)";
				SWIFT_EMIT_LOC_STRINGS = YES;
				SWIFT_VERSION = 5.0;
				TARGETED_DEVICE_FAMILY = "1,2";
			};
			name = Debug;
		};
		FF649CDA2DC1F53400AAAA0D /* Release */ = {
			isa = XCBuildConfiguration;
			buildSettings = {
				ASSETCATALOG_COMPILER_APPICON_NAME = AppIcon;
				ASSETCATALOG_COMPILER_GLOBAL_ACCENT_COLOR_NAME = AccentColor;
				CODE_SIGN_STYLE = Automatic;
				CURRENT_PROJECT_VERSION = 1;
				DEVELOPMENT_TEAM = 6KD3Y8864K;
				ENABLE_PREVIEWS = YES;
				GENERATE_INFOPLIST_FILE = YES;
				INFOPLIST_KEY_UIApplicationSceneManifest_Generation = YES;
				INFOPLIST_KEY_UIApplicationSupportsIndirectInputEvents = YES;
				INFOPLIST_KEY_UILaunchScreen_Generation = YES;
				INFOPLIST_KEY_UISupportedInterfaceOrientations_iPad = "UIInterfaceOrientationPortrait UIInterfaceOrientationPortraitUpsideDown UIInterfaceOrientationLandscapeLeft UIInterfaceOrientationLandscapeRight";
				INFOPLIST_KEY_UISupportedInterfaceOrientations_iPhone = "UIInterfaceOrientationPortrait UIInterfaceOrientationLandscapeLeft UIInterfaceOrientationLandscapeRight";
				LD_RUNPATH_SEARCH_PATHS = (
					"$(inherited)",
					"@executable_path/Frameworks",
				);
				MARKETING_VERSION = 1.0;
				PRODUCT_BUNDLE_IDENTIFIER = "no.scratch-app";
				PRODUCT_NAME = "$(TARGET_NAME)";
				SWIFT_EMIT_LOC_STRINGS = YES;
				SWIFT_VERSION = 5.0;
				TARGETED_DEVICE_FAMILY = "1,2";
			};
			name = Release;
		};
		FF649CDC2DC1F53400AAAA0D /* Debug */ = {
			isa = XCBuildConfiguration;
			buildSettings = {
				BUNDLE_LOADER = "$(TEST_HOST)";
				CODE_SIGN_STYLE = Automatic;
				CURRENT_PROJECT_VERSION = 1;
				DEVELOPMENT_TEAM = 6KD3Y8864K;
				GENERATE_INFOPLIST_FILE = YES;
				IPHONEOS_DEPLOYMENT_TARGET = 18.4;
				MARKETING_VERSION = 1.0;
				PRODUCT_BUNDLE_IDENTIFIER = "no.scratch-appTests";
				PRODUCT_NAME = "$(TARGET_NAME)";
				SWIFT_EMIT_LOC_STRINGS = NO;
				SWIFT_VERSION = 5.0;
				TARGETED_DEVICE_FAMILY = "1,2";
				TEST_HOST = "$(BUILT_PRODUCTS_DIR)/scratch_app.app/$(BUNDLE_EXECUTABLE_FOLDER_PATH)/scratch_app";
			};
			name = Debug;
		};
		FF649CDD2DC1F53400AAAA0D /* Release */ = {
			isa = XCBuildConfiguration;
			buildSettings = {
				BUNDLE_LOADER = "$(TEST_HOST)";
				CODE_SIGN_STYLE = Automatic;
				CURRENT_PROJECT_VERSION = 1;
				DEVELOPMENT_TEAM = 6KD3Y8864K;
				GENERATE_INFOPLIST_FILE = YES;
				IPHONEOS_DEPLOYMENT_TARGET = 18.4;
				MARKETING_VERSION = 1.0;
				PRODUCT_BUNDLE_IDENTIFIER = "no.scratch-appTests";
				PRODUCT_NAME = "$(TARGET_NAME)";
				SWIFT_EMIT_LOC_STRINGS = NO;
				SWIFT_VERSION = 5.0;
				TARGETED_DEVICE_FAMILY = "1,2";
				TEST_HOST = "$(BUILT_PRODUCTS_DIR)/scratch_app.app/$(BUNDLE_EXECUTABLE_FOLDER_PATH)/scratch_app";
			};
			name = Release;
		};
		FF649CDF2DC1F53400AAAA0D /* Debug */ = {
			isa = XCBuildConfiguration;
			buildSettings = {
				CODE_SIGN_STYLE = Automatic;
				CURRENT_PROJECT_VERSION = 1;
				DEVELOPMENT_TEAM = 6KD3Y8864K;
				GENERATE_INFOPLIST_FILE = YES;
				MARKETING_VERSION = 1.0;
				PRODUCT_BUNDLE_IDENTIFIER = "no.scratch-appUITests";
				PRODUCT_NAME = "$(TARGET_NAME)";
				SWIFT_EMIT_LOC_STRINGS = NO;
				SWIFT_VERSION = 5.0;
				TARGETED_DEVICE_FAMILY = "1,2";
				TEST_TARGET_NAME = scratch_app;
			};
			name = Debug;
		};
		FF649CE02DC1F53400AAAA0D /* Release */ = {
			isa = XCBuildConfiguration;
			buildSettings = {
				CODE_SIGN_STYLE = Automatic;
				CURRENT_PROJECT_VERSION = 1;
				DEVELOPMENT_TEAM = 6KD3Y8864K;
				GENERATE_INFOPLIST_FILE = YES;
				MARKETING_VERSION = 1.0;
				PRODUCT_BUNDLE_IDENTIFIER = "no.scratch-appUITests";
				PRODUCT_NAME = "$(TARGET_NAME)";
				SWIFT_EMIT_LOC_STRINGS = NO;
				SWIFT_VERSION = 5.0;
				TARGETED_DEVICE_FAMILY = "1,2";
				TEST_TARGET_NAME = scratch_app;
			};
			name = Release;
		};
/* End XCBuildConfiguration section */

/* Begin XCConfigurationList section */
		FF649CB22DC1F53200AAAA0D /* Build configuration list for PBXProject "scratch_app" */ = {
			isa = XCConfigurationList;
			buildConfigurations = (
				FF649CD62DC1F53400AAAA0D /* Debug */,
				FF649CD72DC1F53400AAAA0D /* Release */,
			);
			defaultConfigurationIsVisible = 0;
			defaultConfigurationName = Release;
		};
		FF649CD82DC1F53400AAAA0D /* Build configuration list for PBXNativeTarget "scratch_app" */ = {
			isa = XCConfigurationList;
			buildConfigurations = (
				FF649CD92DC1F53400AAAA0D /* Debug */,
				FF649CDA2DC1F53400AAAA0D /* Release */,
			);
			defaultConfigurationIsVisible = 0;
			defaultConfigurationName = Release;
		};
		FF649CDB2DC1F53400AAAA0D /* Build configuration list for PBXNativeTarget "scratch_appTests" */ = {
			isa = XCConfigurationList;
			buildConfigurations = (
				FF649CDC2DC1F53400AAAA0D /* Debug */,
				FF649CDD2DC1F53400AAAA0D /* Release */,
			);
			defaultConfigurationIsVisible = 0;
			defaultConfigurationName = Release;
		};
		FF649CDE2DC1F53400AAAA0D /* Build configuration list for PBXNativeTarget "scratch_appUITests" */ = {
			isa = XCConfigurationList;
			buildConfigurations = (
				FF649CDF2DC1F53400AAAA0D /* Debug */,
				FF649CE02DC1F53400AAAA0D /* Release */,
			);
			defaultConfigurationIsVisible = 0;
			defaultConfigurationName = Release;
		};
/* End XCConfigurationList section */
	};
	rootObject = FF649CAF2DC1F53200AAAA0D /* Project object */;
}
